
Microsoft Visual Studio Solution File, Format Version 12.00
# Visual Studio 15
VisualStudioVersion = 15.0.27703.2026
MinimumVisualStudioVersion = 10.0.40219.1
Project("{FAE04EC0-301F-11D3-BF4B-00C04F79EFBC}") = "SecurityDemo", "SecurityDemo\SecurityDemo.csproj", "{A3145D72-0B14-4E22-BB49-6AEB9C8FD9ED}"
EndProject
Global
	GlobalSection(SolutionConfigurationPlatforms) = preSolution
		Debug|Any CPU = Debug|Any CPU
		Release|Any CPU = Release|Any CPU
	EndGlobalSection
	GlobalSection(ProjectConfigurationPlatforms) = postSolution
		{A3145D72-0B14-4E22-BB49-6AEB9C8FD9ED}.Debug|Any CPU.ActiveCfg = Debug|Any CPU
		{A3145D72-0B14-4E22-BB49-6AEB9C8FD9ED}.Debug|Any CPU.Build.0 = Debug|Any CPU
		{A3145D72-0B14-4E22-BB49-6AEB9C8FD9ED}.Release|Any CPU.ActiveCfg = Release|Any CPU
		{A3145D72-0B14-4E22-BB49-6AEB9C8FD9ED}.Release|Any CPU.Build.0 = Release|Any CPU
	EndGlobalSection
	GlobalSection(SolutionProperties) = preSolution
		HideSolutionNode = FALSE
	EndGlobalSection
	GlobalSection(ExtensibilityGlobals) = postSolution
		SolutionGuid = {9D502DA1-4E5B-4FDA-B93F-65C06319AFC7}
	EndGlobalSection
EndGlobal
